
Microsoft Visual Studio Solution File, Format Version 12.00
# Visual Studio 15
VisualStudioVersion = 15.0.28010.2041
MinimumVisualStudioVersion = 10.0.40219.1
Project("{FAE04EC0-301F-11D3-BF4B-00C04F79EFBC}") = "StringExplosion", "StringExplosion\StringExplosion.csproj", "{43387DA5-45F6-4FD4-B8BC-3475F575889D}"
EndProject
Global
	GlobalSection(SolutionConfigurationPlatforms) = preSolution
		Debug|Any CPU = Debug|Any CPU
		Release|Any CPU = Release|Any CPU
	EndGlobalSection
	GlobalSection(ProjectConfigurationPlatforms) = postSolution
		{43387DA5-45F6-4FD4-B8BC-3475F575889D}.Debug|Any CPU.ActiveCfg = Debug|Any CPU
		{43387DA5-45F6-4FD4-B8BC-3475F575889D}.Debug|Any CPU.Build.0 = Debug|Any CPU
		{43387DA5-45F6-4FD4-B8BC-3475F575889D}.Release|Any CPU.ActiveCfg = Release|Any CPU
		{43387DA5-45F6-4FD4-B8BC-3475F575889D}.Release|Any CPU.Build.0 = Release|Any CPU
	EndGlobalSection
	GlobalSection(SolutionProperties) = preSolution
		HideSolutionNode = FALSE
	EndGlobalSection
	GlobalSection(ExtensibilityGlobals) = postSolution
		SolutionGuid = {CE678806-66CD-4592-A882-0225B716345C}
	EndGlobalSection
EndGlobal
