
Microsoft Visual Studio Solution File, Format Version 12.00
# Visual Studio 15
VisualStudioVersion = 15.0.28010.2041
MinimumVisualStudioVersion = 10.0.40219.1
Project("{FAE04EC0-301F-11D3-BF4B-00C04F79EFBC}") = "CountRealNumbers", "CountRealNumbers\CountRealNumbers.csproj", "{ED57BDD7-69C8-4BAD-B3D9-9D8C32FCC6D1}"
EndProject
Project("{FAE04EC0-301F-11D3-BF4B-00C04F79EFBC}") = "OddOccurenses", "OddOccurenses\OddOccurenses.csproj", "{34346C22-81AD-4A6E-A757-7466D6443B9F}"
EndProject
Project("{FAE04EC0-301F-11D3-BF4B-00C04F79EFBC}") = "WordSynonyms", "WordSynonyms\WordSynonyms.csproj", "{3A03B8FC-F96D-49DA-BCF8-2088AC027D2A}"
EndProject
Project("{FAE04EC0-301F-11D3-BF4B-00C04F79EFBC}") = "LargestThreeNumbers", "LargestThreeNumbers\LargestThreeNumbers.csproj", "{824E26E7-0D19-43B1-945E-91716407FA52}"
EndProject
Project("{FAE04EC0-301F-11D3-BF4B-00C04F79EFBC}") = "WordFilter", "WordFilter\WordFilter.csproj", "{AAFFF260-AC44-4F20-A629-DE83CA39FC7F}"
EndProject
Global
	GlobalSection(SolutionConfigurationPlatforms) = preSolution
		Debug|Any CPU = Debug|Any CPU
		Release|Any CPU = Release|Any CPU
	EndGlobalSection
	GlobalSection(ProjectConfigurationPlatforms) = postSolution
		{ED57BDD7-69C8-4BAD-B3D9-9D8C32FCC6D1}.Debug|Any CPU.ActiveCfg = Debug|Any CPU
		{ED57BDD7-69C8-4BAD-B3D9-9D8C32FCC6D1}.Debug|Any CPU.Build.0 = Debug|Any CPU
		{ED57BDD7-69C8-4BAD-B3D9-9D8C32FCC6D1}.Release|Any CPU.ActiveCfg = Release|Any CPU
		{ED57BDD7-69C8-4BAD-B3D9-9D8C32FCC6D1}.Release|Any CPU.Build.0 = Release|Any CPU
		{34346C22-81AD-4A6E-A757-7466D6443B9F}.Debug|Any CPU.ActiveCfg = Debug|Any CPU
		{34346C22-81AD-4A6E-A757-7466D6443B9F}.Debug|Any CPU.Build.0 = Debug|Any CPU
		{34346C22-81AD-4A6E-A757-7466D6443B9F}.Release|Any CPU.ActiveCfg = Release|Any CPU
		{34346C22-81AD-4A6E-A757-7466D6443B9F}.Release|Any CPU.Build.0 = Release|Any CPU
		{3A03B8FC-F96D-49DA-BCF8-2088AC027D2A}.Debug|Any CPU.ActiveCfg = Debug|Any CPU
		{3A03B8FC-F96D-49DA-BCF8-2088AC027D2A}.Debug|Any CPU.Build.0 = Debug|Any CPU
		{3A03B8FC-F96D-49DA-BCF8-2088AC027D2A}.Release|Any CPU.ActiveCfg = Release|Any CPU
		{3A03B8FC-F96D-49DA-BCF8-2088AC027D2A}.Release|Any CPU.Build.0 = Release|Any CPU
		{824E26E7-0D19-43B1-945E-91716407FA52}.Debug|Any CPU.ActiveCfg = Debug|Any CPU
		{824E26E7-0D19-43B1-945E-91716407FA52}.Debug|Any CPU.Build.0 = Debug|Any CPU
		{824E26E7-0D19-43B1-945E-91716407FA52}.Release|Any CPU.ActiveCfg = Release|Any CPU
		{824E26E7-0D19-43B1-945E-91716407FA52}.Release|Any CPU.Build.0 = Release|Any CPU
		{AAFFF260-AC44-4F20-A629-DE83CA39FC7F}.Debug|Any CPU.ActiveCfg = Debug|Any CPU
		{AAFFF260-AC44-4F20-A629-DE83CA39FC7F}.Debug|Any CPU.Build.0 = Debug|Any CPU
		{AAFFF260-AC44-4F20-A629-DE83CA39FC7F}.Release|Any CPU.ActiveCfg = Release|Any CPU
		{AAFFF260-AC44-4F20-A629-DE83CA39FC7F}.Release|Any CPU.Build.0 = Release|Any CPU
	EndGlobalSection
	GlobalSection(SolutionProperties) = preSolution
		HideSolutionNode = FALSE
	EndGlobalSection
	GlobalSection(ExtensibilityGlobals) = postSolution
		SolutionGuid = {9738ABAF-D2F5-4F5E-BE58-1207B42FF265}
	EndGlobalSection
EndGlobal
