
Microsoft Visual Studio Solution File, Format Version 12.00
# Visual Studio 15
VisualStudioVersion = 15.0.28010.2041
MinimumVisualStudioVersion = 10.0.40219.1
Project("{FAE04EC0-301F-11D3-BF4B-00C04F79EFBC}") = "EncryptSortPrintArray", "EncryptSortPrintArray\EncryptSortPrintArray.csproj", "{1A5865C1-B18B-4107-A8C5-2C1B38DC2326}"
EndProject
Project("{FAE04EC0-301F-11D3-BF4B-00C04F79EFBC}") = "PascalTrangle", "PascalTrangle\PascalTrangle.csproj", "{4141CD19-7E05-4D37-B18D-91CA1E8E8410}"
EndProject
Global
	GlobalSection(SolutionConfigurationPlatforms) = preSolution
		Debug|Any CPU = Debug|Any CPU
		Release|Any CPU = Release|Any CPU
	EndGlobalSection
	GlobalSection(ProjectConfigurationPlatforms) = postSolution
		{1A5865C1-B18B-4107-A8C5-2C1B38DC2326}.Debug|Any CPU.ActiveCfg = Debug|Any CPU
		{1A5865C1-B18B-4107-A8C5-2C1B38DC2326}.Debug|Any CPU.Build.0 = Debug|Any CPU
		{1A5865C1-B18B-4107-A8C5-2C1B38DC2326}.Release|Any CPU.ActiveCfg = Release|Any CPU
		{1A5865C1-B18B-4107-A8C5-2C1B38DC2326}.Release|Any CPU.Build.0 = Release|Any CPU
		{4141CD19-7E05-4D37-B18D-91CA1E8E8410}.Debug|Any CPU.ActiveCfg = Debug|Any CPU
		{4141CD19-7E05-4D37-B18D-91CA1E8E8410}.Debug|Any CPU.Build.0 = Debug|Any CPU
		{4141CD19-7E05-4D37-B18D-91CA1E8E8410}.Release|Any CPU.ActiveCfg = Release|Any CPU
		{4141CD19-7E05-4D37-B18D-91CA1E8E8410}.Release|Any CPU.Build.0 = Release|Any CPU
	EndGlobalSection
	GlobalSection(SolutionProperties) = preSolution
		HideSolutionNode = FALSE
	EndGlobalSection
	GlobalSection(ExtensibilityGlobals) = postSolution
		SolutionGuid = {96575F67-AF86-4B90-A9DD-24F9F68369BF}
	EndGlobalSection
EndGlobal
